
Microsoft Visual Studio Solution File, Format Version 12.00
# Visual Studio Version 16
VisualStudioVersion = 16.0.33423.256
MinimumVisualStudioVersion = 10.0.40219.1
Project("{8BC9CEB8-8B4A-11D0-8D11-00A0C91BC942}") = "C언어 자습 및 정리", "Project1.vcxproj", "{10C24260-3FB8-4889-8F20-D872F089CEAA}"
EndProject
Project("{8BC9CEB8-8B4A-11D0-8D11-00A0C91BC942}") = "C언어 문제 풀이", "..\C언어 문제 풀이\C언어 문제 풀이.vcxproj", "{B8809FCC-90D4-4F34-8BC0-991DD8AD6D0B}"
EndProject
Global
	GlobalSection(SolutionConfigurationPlatforms) = preSolution
		Debug|x64 = Debug|x64
		Debug|x86 = Debug|x86
		Release|x64 = Release|x64
		Release|x86 = Release|x86
	EndGlobalSection
	GlobalSection(ProjectConfigurationPlatforms) = postSolution
		{10C24260-3FB8-4889-8F20-D872F089CEAA}.Debug|x64.ActiveCfg = Debug|x64
		{10C24260-3FB8-4889-8F20-D872F089CEAA}.Debug|x64.Build.0 = Debug|x64
		{10C24260-3FB8-4889-8F20-D872F089CEAA}.Debug|x86.ActiveCfg = Debug|Win32
		{10C24260-3FB8-4889-8F20-D872F089CEAA}.Debug|x86.Build.0 = Debug|Win32
		{10C24260-3FB8-4889-8F20-D872F089CEAA}.Release|x64.ActiveCfg = Release|x64
		{10C24260-3FB8-4889-8F20-D872F089CEAA}.Release|x64.Build.0 = Release|x64
		{10C24260-3FB8-4889-8F20-D872F089CEAA}.Release|x86.ActiveCfg = Release|Win32
		{10C24260-3FB8-4889-8F20-D872F089CEAA}.Release|x86.Build.0 = Release|Win32
		{B8809FCC-90D4-4F34-8BC0-991DD8AD6D0B}.Debug|x64.ActiveCfg = Debug|x64
		{B8809FCC-90D4-4F34-8BC0-991DD8AD6D0B}.Debug|x64.Build.0 = Debug|x64
		{B8809FCC-90D4-4F34-8BC0-991DD8AD6D0B}.Debug|x86.ActiveCfg = Debug|Win32
		{B8809FCC-90D4-4F34-8BC0-991DD8AD6D0B}.Debug|x86.Build.0 = Debug|Win32
		{B8809FCC-90D4-4F34-8BC0-991DD8AD6D0B}.Release|x64.ActiveCfg = Release|x64
		{B8809FCC-90D4-4F34-8BC0-991DD8AD6D0B}.Release|x64.Build.0 = Release|x64
		{B8809FCC-90D4-4F34-8BC0-991DD8AD6D0B}.Release|x86.ActiveCfg = Release|Win32
		{B8809FCC-90D4-4F34-8BC0-991DD8AD6D0B}.Release|x86.Build.0 = Release|Win32
	EndGlobalSection
	GlobalSection(SolutionProperties) = preSolution
		HideSolutionNode = FALSE
	EndGlobalSection
	GlobalSection(ExtensibilityGlobals) = postSolution
		SolutionGuid = {E26A7478-1801-4FB7-BB2E-BD64A000B180}
	EndGlobalSection
EndGlobal
